
Microsoft Visual Studio Solution File, Format Version 12.00
# Visual Studio Version 17
VisualStudioVersion = 17.4.33213.308
MinimumVisualStudioVersion = 10.0.40219.1
Project("{9A19103F-16F7-4668-BE54-9A1E7A4F7556}") = "WebSaApiem", "WebSaApiem\WebSaApiem.csproj", "{9C7CAE5E-84A5-413E-A56F-D51F12AFE6E0}"
EndProject
Global
	GlobalSection(SolutionConfigurationPlatforms) = preSolution
		Debug|Any CPU = Debug|Any CPU
		Release|Any CPU = Release|Any CPU
	EndGlobalSection
	GlobalSection(ProjectConfigurationPlatforms) = postSolution
		{9C7CAE5E-84A5-413E-A56F-D51F12AFE6E0}.Debug|Any CPU.ActiveCfg = Debug|Any CPU
		{9C7CAE5E-84A5-413E-A56F-D51F12AFE6E0}.Debug|Any CPU.Build.0 = Debug|Any CPU
		{9C7CAE5E-84A5-413E-A56F-D51F12AFE6E0}.Release|Any CPU.ActiveCfg = Release|Any CPU
		{9C7CAE5E-84A5-413E-A56F-D51F12AFE6E0}.Release|Any CPU.Build.0 = Release|Any CPU
	EndGlobalSection
	GlobalSection(SolutionProperties) = preSolution
		HideSolutionNode = FALSE
	EndGlobalSection
	GlobalSection(ExtensibilityGlobals) = postSolution
		SolutionGuid = {5F591306-EB0E-4042-B784-B16B5E032DA5}
	EndGlobalSection
EndGlobal
